
Microsoft Visual Studio Solution File, Format Version 12.00
# Visual Studio 15
VisualStudioVersion = 15.0.28307.168
MinimumVisualStudioVersion = 10.0.40219.1
Project("{8BC9CEB8-8B4A-11D0-8D11-00A0C91BC942}") = "joaca", "joaca.vcxproj", "{E3E76A48-F246-4069-8952-0BB921F8054F}"
EndProject
Global
	GlobalSection(SolutionConfigurationPlatforms) = preSolution
		Debug|x64 = Debug|x64
		Debug|x86 = Debug|x86
		Release|x64 = Release|x64
		Release|x86 = Release|x86
	EndGlobalSection
	GlobalSection(ProjectConfigurationPlatforms) = postSolution
		{E3E76A48-F246-4069-8952-0BB921F8054F}.Debug|x64.ActiveCfg = Debug|x64
		{E3E76A48-F246-4069-8952-0BB921F8054F}.Debug|x64.Build.0 = Debug|x64
		{E3E76A48-F246-4069-8952-0BB921F8054F}.Debug|x86.ActiveCfg = Debug|Win32
		{E3E76A48-F246-4069-8952-0BB921F8054F}.Debug|x86.Build.0 = Debug|Win32
		{E3E76A48-F246-4069-8952-0BB921F8054F}.Release|x64.ActiveCfg = Release|x64
		{E3E76A48-F246-4069-8952-0BB921F8054F}.Release|x64.Build.0 = Release|x64
		{E3E76A48-F246-4069-8952-0BB921F8054F}.Release|x86.ActiveCfg = Release|Win32
		{E3E76A48-F246-4069-8952-0BB921F8054F}.Release|x86.Build.0 = Release|Win32
	EndGlobalSection
	GlobalSection(SolutionProperties) = preSolution
		HideSolutionNode = FALSE
	EndGlobalSection
	GlobalSection(ExtensibilityGlobals) = postSolution
		SolutionGuid = {D9EEDE30-2447-4FCA-94D4-5B30EB39195E}
	EndGlobalSection
EndGlobal
