
Microsoft Visual Studio Solution File, Format Version 12.00
# Visual Studio 15
VisualStudioVersion = 15.0.28307.168
MinimumVisualStudioVersion = 10.0.40219.1
Project("{8BC9CEB8-8B4A-11D0-8D11-00A0C91BC942}") = "SDALab4", "SDALab4.vcxproj", "{43156B11-43FF-4017-ABF4-445DC552D5BB}"
EndProject
Global
	GlobalSection(SolutionConfigurationPlatforms) = preSolution
		Debug|x64 = Debug|x64
		Debug|x86 = Debug|x86
		Release|x64 = Release|x64
		Release|x86 = Release|x86
	EndGlobalSection
	GlobalSection(ProjectConfigurationPlatforms) = postSolution
		{43156B11-43FF-4017-ABF4-445DC552D5BB}.Debug|x64.ActiveCfg = Debug|x64
		{43156B11-43FF-4017-ABF4-445DC552D5BB}.Debug|x64.Build.0 = Debug|x64
		{43156B11-43FF-4017-ABF4-445DC552D5BB}.Debug|x86.ActiveCfg = Debug|Win32
		{43156B11-43FF-4017-ABF4-445DC552D5BB}.Debug|x86.Build.0 = Debug|Win32
		{43156B11-43FF-4017-ABF4-445DC552D5BB}.Release|x64.ActiveCfg = Release|x64
		{43156B11-43FF-4017-ABF4-445DC552D5BB}.Release|x64.Build.0 = Release|x64
		{43156B11-43FF-4017-ABF4-445DC552D5BB}.Release|x86.ActiveCfg = Release|Win32
		{43156B11-43FF-4017-ABF4-445DC552D5BB}.Release|x86.Build.0 = Release|Win32
	EndGlobalSection
	GlobalSection(SolutionProperties) = preSolution
		HideSolutionNode = FALSE
	EndGlobalSection
	GlobalSection(ExtensibilityGlobals) = postSolution
		SolutionGuid = {063EB56F-56B5-46C3-A31C-9E9877E25F1C}
	EndGlobalSection
EndGlobal
