
Microsoft Visual Studio Solution File, Format Version 12.00
# Visual Studio 15
VisualStudioVersion = 15.0.28307.168
MinimumVisualStudioVersion = 10.0.40219.1
Project("{8BC9CEB8-8B4A-11D0-8D11-00A0C91BC942}") = "SDAlab1", "SDAlab1.vcxproj", "{B2700FC5-C5B9-46BB-A3E8-C0DB57F02D77}"
EndProject
Global
	GlobalSection(SolutionConfigurationPlatforms) = preSolution
		Debug|x64 = Debug|x64
		Debug|x86 = Debug|x86
		Release|x64 = Release|x64
		Release|x86 = Release|x86
	EndGlobalSection
	GlobalSection(ProjectConfigurationPlatforms) = postSolution
		{B2700FC5-C5B9-46BB-A3E8-C0DB57F02D77}.Debug|x64.ActiveCfg = Debug|x64
		{B2700FC5-C5B9-46BB-A3E8-C0DB57F02D77}.Debug|x64.Build.0 = Debug|x64
		{B2700FC5-C5B9-46BB-A3E8-C0DB57F02D77}.Debug|x86.ActiveCfg = Debug|Win32
		{B2700FC5-C5B9-46BB-A3E8-C0DB57F02D77}.Debug|x86.Build.0 = Debug|Win32
		{B2700FC5-C5B9-46BB-A3E8-C0DB57F02D77}.Release|x64.ActiveCfg = Release|x64
		{B2700FC5-C5B9-46BB-A3E8-C0DB57F02D77}.Release|x64.Build.0 = Release|x64
		{B2700FC5-C5B9-46BB-A3E8-C0DB57F02D77}.Release|x86.ActiveCfg = Release|Win32
		{B2700FC5-C5B9-46BB-A3E8-C0DB57F02D77}.Release|x86.Build.0 = Release|Win32
	EndGlobalSection
	GlobalSection(SolutionProperties) = preSolution
		HideSolutionNode = FALSE
	EndGlobalSection
	GlobalSection(ExtensibilityGlobals) = postSolution
		SolutionGuid = {385D024D-7BC3-46A9-BDD0-01A3C802F98B}
	EndGlobalSection
EndGlobal
