
Microsoft Visual Studio Solution File, Format Version 12.00
# Visual Studio Version 16
VisualStudioVersion = 16.0.28729.10
MinimumVisualStudioVersion = 10.0.40219.1
Project("{8BC9CEB8-8B4A-11D0-8D11-00A0C91BC942}") = "Lab6.1", "Lab6.1\Lab6.1.vcxproj", "{46C8A1D6-7597-49AB-A8D9-BB25FD4737DE}"
EndProject
Global
	GlobalSection(SolutionConfigurationPlatforms) = preSolution
		Debug|x64 = Debug|x64
		Debug|x86 = Debug|x86
		Release|x64 = Release|x64
		Release|x86 = Release|x86
	EndGlobalSection
	GlobalSection(ProjectConfigurationPlatforms) = postSolution
		{46C8A1D6-7597-49AB-A8D9-BB25FD4737DE}.Debug|x64.ActiveCfg = Debug|x64
		{46C8A1D6-7597-49AB-A8D9-BB25FD4737DE}.Debug|x64.Build.0 = Debug|x64
		{46C8A1D6-7597-49AB-A8D9-BB25FD4737DE}.Debug|x86.ActiveCfg = Debug|Win32
		{46C8A1D6-7597-49AB-A8D9-BB25FD4737DE}.Debug|x86.Build.0 = Debug|Win32
		{46C8A1D6-7597-49AB-A8D9-BB25FD4737DE}.Release|x64.ActiveCfg = Release|x64
		{46C8A1D6-7597-49AB-A8D9-BB25FD4737DE}.Release|x64.Build.0 = Release|x64
		{46C8A1D6-7597-49AB-A8D9-BB25FD4737DE}.Release|x86.ActiveCfg = Release|Win32
		{46C8A1D6-7597-49AB-A8D9-BB25FD4737DE}.Release|x86.Build.0 = Release|Win32
	EndGlobalSection
	GlobalSection(SolutionProperties) = preSolution
		HideSolutionNode = FALSE
	EndGlobalSection
	GlobalSection(ExtensibilityGlobals) = postSolution
		SolutionGuid = {0640B9AA-89B8-4790-B166-E06D0E4C3C7A}
	EndGlobalSection
EndGlobal
