
Microsoft Visual Studio Solution File, Format Version 12.00
# Visual Studio Version 16
VisualStudioVersion = 16.0.28803.352
MinimumVisualStudioVersion = 10.0.40219.1
Project("{8BC9CEB8-8B4A-11D0-8D11-00A0C91BC942}") = "SDALab11.2", "SDALab11.2\SDALab11.2.vcxproj", "{92F91A5A-9EF0-4DC4-BB9B-5D52CA89C6CF}"
EndProject
Global
	GlobalSection(SolutionConfigurationPlatforms) = preSolution
		Debug|x64 = Debug|x64
		Debug|x86 = Debug|x86
		Release|x64 = Release|x64
		Release|x86 = Release|x86
	EndGlobalSection
	GlobalSection(ProjectConfigurationPlatforms) = postSolution
		{92F91A5A-9EF0-4DC4-BB9B-5D52CA89C6CF}.Debug|x64.ActiveCfg = Debug|x64
		{92F91A5A-9EF0-4DC4-BB9B-5D52CA89C6CF}.Debug|x64.Build.0 = Debug|x64
		{92F91A5A-9EF0-4DC4-BB9B-5D52CA89C6CF}.Debug|x86.ActiveCfg = Debug|Win32
		{92F91A5A-9EF0-4DC4-BB9B-5D52CA89C6CF}.Debug|x86.Build.0 = Debug|Win32
		{92F91A5A-9EF0-4DC4-BB9B-5D52CA89C6CF}.Release|x64.ActiveCfg = Release|x64
		{92F91A5A-9EF0-4DC4-BB9B-5D52CA89C6CF}.Release|x64.Build.0 = Release|x64
		{92F91A5A-9EF0-4DC4-BB9B-5D52CA89C6CF}.Release|x86.ActiveCfg = Release|Win32
		{92F91A5A-9EF0-4DC4-BB9B-5D52CA89C6CF}.Release|x86.Build.0 = Release|Win32
	EndGlobalSection
	GlobalSection(SolutionProperties) = preSolution
		HideSolutionNode = FALSE
	EndGlobalSection
	GlobalSection(ExtensibilityGlobals) = postSolution
		SolutionGuid = {E39680F3-81EB-486C-B8F0-E8B40DCD70D3}
	EndGlobalSection
EndGlobal
