
Microsoft Visual Studio Solution File, Format Version 12.00
# Visual Studio 15
VisualStudioVersion = 15.0.28307.168
MinimumVisualStudioVersion = 10.0.40219.1
Project("{8BC9CEB8-8B4A-11D0-8D11-00A0C91BC942}") = "SDALab3.1", "SDALab3.1.vcxproj", "{AC7C77F6-8036-4A40-A218-6204DC9647F6}"
EndProject
Global
	GlobalSection(SolutionConfigurationPlatforms) = preSolution
		Debug|x64 = Debug|x64
		Debug|x86 = Debug|x86
		Release|x64 = Release|x64
		Release|x86 = Release|x86
	EndGlobalSection
	GlobalSection(ProjectConfigurationPlatforms) = postSolution
		{AC7C77F6-8036-4A40-A218-6204DC9647F6}.Debug|x64.ActiveCfg = Debug|x64
		{AC7C77F6-8036-4A40-A218-6204DC9647F6}.Debug|x64.Build.0 = Debug|x64
		{AC7C77F6-8036-4A40-A218-6204DC9647F6}.Debug|x86.ActiveCfg = Debug|Win32
		{AC7C77F6-8036-4A40-A218-6204DC9647F6}.Debug|x86.Build.0 = Debug|Win32
		{AC7C77F6-8036-4A40-A218-6204DC9647F6}.Release|x64.ActiveCfg = Release|x64
		{AC7C77F6-8036-4A40-A218-6204DC9647F6}.Release|x64.Build.0 = Release|x64
		{AC7C77F6-8036-4A40-A218-6204DC9647F6}.Release|x86.ActiveCfg = Release|Win32
		{AC7C77F6-8036-4A40-A218-6204DC9647F6}.Release|x86.Build.0 = Release|Win32
	EndGlobalSection
	GlobalSection(SolutionProperties) = preSolution
		HideSolutionNode = FALSE
	EndGlobalSection
	GlobalSection(ExtensibilityGlobals) = postSolution
		SolutionGuid = {1DE71A47-EB1B-47A8-83D6-9ACD9D6B04C6}
	EndGlobalSection
EndGlobal
